
Microsoft Visual Studio Solution File, Format Version 12.00
# Visual Studio Version 17
VisualStudioVersion = 17.7.34031.279
MinimumVisualStudioVersion = 10.0.40219.1
Project("{FAE04EC0-301F-11D3-BF4B-00C04F79EFBC}") = "problem_546_A", "problem_546_A\problem_546_A.csproj", "{BACF157F-04EB-4127-851B-E0D8FA14F8EF}"
EndProject
Project("{FAE04EC0-301F-11D3-BF4B-00C04F79EFBC}") = "problem_71_A", "problem_71_A\problem_71_A.csproj", "{0418B7A5-C82F-403F-86FD-0BCAC97F1E3B}"
EndProject
Project("{FAE04EC0-301F-11D3-BF4B-00C04F79EFBC}") = "problem_282_A", "problem_282_A\problem_282_A.csproj", "{55B6D6A4-1AF4-4929-B9ED-45CEE01857A2}"
EndProject
Global
	GlobalSection(SolutionConfigurationPlatforms) = preSolution
		Debug|Any CPU = Debug|Any CPU
		Release|Any CPU = Release|Any CPU
	EndGlobalSection
	GlobalSection(ProjectConfigurationPlatforms) = postSolution
		{BACF157F-04EB-4127-851B-E0D8FA14F8EF}.Debug|Any CPU.ActiveCfg = Debug|Any CPU
		{BACF157F-04EB-4127-851B-E0D8FA14F8EF}.Debug|Any CPU.Build.0 = Debug|Any CPU
		{BACF157F-04EB-4127-851B-E0D8FA14F8EF}.Release|Any CPU.ActiveCfg = Release|Any CPU
		{BACF157F-04EB-4127-851B-E0D8FA14F8EF}.Release|Any CPU.Build.0 = Release|Any CPU
		{0418B7A5-C82F-403F-86FD-0BCAC97F1E3B}.Debug|Any CPU.ActiveCfg = Debug|Any CPU
		{0418B7A5-C82F-403F-86FD-0BCAC97F1E3B}.Debug|Any CPU.Build.0 = Debug|Any CPU
		{0418B7A5-C82F-403F-86FD-0BCAC97F1E3B}.Release|Any CPU.ActiveCfg = Release|Any CPU
		{0418B7A5-C82F-403F-86FD-0BCAC97F1E3B}.Release|Any CPU.Build.0 = Release|Any CPU
		{55B6D6A4-1AF4-4929-B9ED-45CEE01857A2}.Debug|Any CPU.ActiveCfg = Debug|Any CPU
		{55B6D6A4-1AF4-4929-B9ED-45CEE01857A2}.Debug|Any CPU.Build.0 = Debug|Any CPU
		{55B6D6A4-1AF4-4929-B9ED-45CEE01857A2}.Release|Any CPU.ActiveCfg = Release|Any CPU
		{55B6D6A4-1AF4-4929-B9ED-45CEE01857A2}.Release|Any CPU.Build.0 = Release|Any CPU
	EndGlobalSection
	GlobalSection(SolutionProperties) = preSolution
		HideSolutionNode = FALSE
	EndGlobalSection
	GlobalSection(ExtensibilityGlobals) = postSolution
		SolutionGuid = {52DAD780-AB38-48B4-B369-136A3B04B4A6}
	EndGlobalSection
EndGlobal
