
Microsoft Visual Studio Solution File, Format Version 12.00
# Visual Studio Version 17
VisualStudioVersion = 17.7.34031.279
MinimumVisualStudioVersion = 10.0.40219.1
Project("{9A19103F-16F7-4668-BE54-9A1E7A4F7556}") = "problem_546A", "problem_546A\problem_546A.csproj", "{BACF157F-04EB-4127-851B-E0D8FA14F8EF}"
EndProject
Project("{9A19103F-16F7-4668-BE54-9A1E7A4F7556}") = "problem_71A", "problem_71A\problem_71A.csproj", "{0418B7A5-C82F-403F-86FD-0BCAC97F1E3B}"
EndProject
Project("{9A19103F-16F7-4668-BE54-9A1E7A4F7556}") = "problem_282A", "problem_282A\problem_282A.csproj", "{55B6D6A4-1AF4-4929-B9ED-45CEE01857A2}"
EndProject
Project("{9A19103F-16F7-4668-BE54-9A1E7A4F7556}") = "problem_133A", "problem_133A\problem_133A.csproj", "{0E893027-8EFB-4377-B64A-8E637A768E94}"
EndProject
Project("{FAE04EC0-301F-11D3-BF4B-00C04F79EFBC}") = "problem_58A", "problem_58A\problem_58A.csproj", "{874D7A47-2127-4374-AFDD-37A735F4C4D2}"
EndProject
Project("{FAE04EC0-301F-11D3-BF4B-00C04F79EFBC}") = "problem_263A", "problem_263A\problem_263A.csproj", "{427F9863-D7B6-478D-A5F2-0499AA66CFA2}"
EndProject
Project("{FAE04EC0-301F-11D3-BF4B-00C04F79EFBC}") = "problem_112A", "problem_112A\problem_112A.csproj", "{E6F27533-3ACA-430C-931F-76727F3C66A0}"
EndProject
Project("{FAE04EC0-301F-11D3-BF4B-00C04F79EFBC}") = "problem_339A", "problem_339A\problem_339A.csproj", "{BFAA37C4-BF92-4ECA-94BD-0304B39994A0}"
EndProject
Project("{FAE04EC0-301F-11D3-BF4B-00C04F79EFBC}") = "problem_96A", "problem_96A\problem_96A.csproj", "{A81BBD2C-9FB4-4761-AAC2-8E15386219F4}"
EndProject
Global
	GlobalSection(SolutionConfigurationPlatforms) = preSolution
		Debug|Any CPU = Debug|Any CPU
		Release|Any CPU = Release|Any CPU
	EndGlobalSection
	GlobalSection(ProjectConfigurationPlatforms) = postSolution
		{BACF157F-04EB-4127-851B-E0D8FA14F8EF}.Debug|Any CPU.ActiveCfg = Debug|Any CPU
		{BACF157F-04EB-4127-851B-E0D8FA14F8EF}.Debug|Any CPU.Build.0 = Debug|Any CPU
		{BACF157F-04EB-4127-851B-E0D8FA14F8EF}.Release|Any CPU.ActiveCfg = Release|Any CPU
		{BACF157F-04EB-4127-851B-E0D8FA14F8EF}.Release|Any CPU.Build.0 = Release|Any CPU
		{0418B7A5-C82F-403F-86FD-0BCAC97F1E3B}.Debug|Any CPU.ActiveCfg = Debug|Any CPU
		{0418B7A5-C82F-403F-86FD-0BCAC97F1E3B}.Debug|Any CPU.Build.0 = Debug|Any CPU
		{0418B7A5-C82F-403F-86FD-0BCAC97F1E3B}.Release|Any CPU.ActiveCfg = Release|Any CPU
		{0418B7A5-C82F-403F-86FD-0BCAC97F1E3B}.Release|Any CPU.Build.0 = Release|Any CPU
		{55B6D6A4-1AF4-4929-B9ED-45CEE01857A2}.Debug|Any CPU.ActiveCfg = Debug|Any CPU
		{55B6D6A4-1AF4-4929-B9ED-45CEE01857A2}.Debug|Any CPU.Build.0 = Debug|Any CPU
		{55B6D6A4-1AF4-4929-B9ED-45CEE01857A2}.Release|Any CPU.ActiveCfg = Release|Any CPU
		{55B6D6A4-1AF4-4929-B9ED-45CEE01857A2}.Release|Any CPU.Build.0 = Release|Any CPU
		{0E893027-8EFB-4377-B64A-8E637A768E94}.Debug|Any CPU.ActiveCfg = Debug|Any CPU
		{0E893027-8EFB-4377-B64A-8E637A768E94}.Debug|Any CPU.Build.0 = Debug|Any CPU
		{0E893027-8EFB-4377-B64A-8E637A768E94}.Release|Any CPU.ActiveCfg = Release|Any CPU
		{0E893027-8EFB-4377-B64A-8E637A768E94}.Release|Any CPU.Build.0 = Release|Any CPU
		{874D7A47-2127-4374-AFDD-37A735F4C4D2}.Debug|Any CPU.ActiveCfg = Debug|Any CPU
		{874D7A47-2127-4374-AFDD-37A735F4C4D2}.Debug|Any CPU.Build.0 = Debug|Any CPU
		{874D7A47-2127-4374-AFDD-37A735F4C4D2}.Release|Any CPU.ActiveCfg = Release|Any CPU
		{874D7A47-2127-4374-AFDD-37A735F4C4D2}.Release|Any CPU.Build.0 = Release|Any CPU
		{427F9863-D7B6-478D-A5F2-0499AA66CFA2}.Debug|Any CPU.ActiveCfg = Debug|Any CPU
		{427F9863-D7B6-478D-A5F2-0499AA66CFA2}.Debug|Any CPU.Build.0 = Debug|Any CPU
		{427F9863-D7B6-478D-A5F2-0499AA66CFA2}.Release|Any CPU.ActiveCfg = Release|Any CPU
		{427F9863-D7B6-478D-A5F2-0499AA66CFA2}.Release|Any CPU.Build.0 = Release|Any CPU
		{E6F27533-3ACA-430C-931F-76727F3C66A0}.Debug|Any CPU.ActiveCfg = Debug|Any CPU
		{E6F27533-3ACA-430C-931F-76727F3C66A0}.Debug|Any CPU.Build.0 = Debug|Any CPU
		{E6F27533-3ACA-430C-931F-76727F3C66A0}.Release|Any CPU.ActiveCfg = Release|Any CPU
		{E6F27533-3ACA-430C-931F-76727F3C66A0}.Release|Any CPU.Build.0 = Release|Any CPU
		{BFAA37C4-BF92-4ECA-94BD-0304B39994A0}.Debug|Any CPU.ActiveCfg = Debug|Any CPU
		{BFAA37C4-BF92-4ECA-94BD-0304B39994A0}.Debug|Any CPU.Build.0 = Debug|Any CPU
		{BFAA37C4-BF92-4ECA-94BD-0304B39994A0}.Release|Any CPU.ActiveCfg = Release|Any CPU
		{BFAA37C4-BF92-4ECA-94BD-0304B39994A0}.Release|Any CPU.Build.0 = Release|Any CPU
		{A81BBD2C-9FB4-4761-AAC2-8E15386219F4}.Debug|Any CPU.ActiveCfg = Debug|Any CPU
		{A81BBD2C-9FB4-4761-AAC2-8E15386219F4}.Debug|Any CPU.Build.0 = Debug|Any CPU
		{A81BBD2C-9FB4-4761-AAC2-8E15386219F4}.Release|Any CPU.ActiveCfg = Release|Any CPU
		{A81BBD2C-9FB4-4761-AAC2-8E15386219F4}.Release|Any CPU.Build.0 = Release|Any CPU
	EndGlobalSection
	GlobalSection(SolutionProperties) = preSolution
		HideSolutionNode = FALSE
	EndGlobalSection
	GlobalSection(ExtensibilityGlobals) = postSolution
		SolutionGuid = {52DAD780-AB38-48B4-B369-136A3B04B4A6}
	EndGlobalSection
EndGlobal
